
Microsoft Visual Studio Solution File, Format Version 11.00
# Visual Studio 2010
Project("{FAE04EC0-301F-11D3-BF4B-00C04F79EFBC}") = "SilverlightPrototype1", "SilverlightPrototype1\SilverlightPrototype1.csproj", "{d10d2b48-8931-4d52-b6e3-7e469000aaa0}"
EndProject
Project("{FAE04EC0-301F-11D3-BF4B-00C04F79EFBC}") = "SilverlightPrototype1Screens", "SilverlightPrototype1\SilverlightPrototype1Screens\SilverlightPrototype1Screens.csproj", "{3e32a427-3b9a-4559-803a-ec14966a5030}"
EndProject
Global
	GlobalSection(SolutionConfigurationPlatforms) = preSolution
		Debug|Any CPU = Debug|Any CPU
		Release|Any CPU = Release|Any CPU
	EndGlobalSection
	GlobalSection(ProjectConfigurationPlatforms) = postSolution
		{D10D2B48-8931-4D52-B6E3-7E469000AAA0}.Debug|Any CPU.ActiveCfg = Debug|Any CPU
		{D10D2B48-8931-4D52-B6E3-7E469000AAA0}.Debug|Any CPU.Build.0 = Debug|Any CPU
		{D10D2B48-8931-4D52-B6E3-7E469000AAA0}.Release|Any CPU.ActiveCfg = Release|Any CPU
		{D10D2B48-8931-4D52-B6E3-7E469000AAA0}.Release|Any CPU.Build.0 = Release|Any CPU
		{3E32A427-3B9A-4559-803A-EC14966A5030}.Debug|Any CPU.ActiveCfg = Debug|Any CPU
		{3E32A427-3B9A-4559-803A-EC14966A5030}.Debug|Any CPU.Build.0 = Debug|Any CPU
		{3E32A427-3B9A-4559-803A-EC14966A5030}.Release|Any CPU.ActiveCfg = Release|Any CPU
		{3E32A427-3B9A-4559-803A-EC14966A5030}.Release|Any CPU.Build.0 = Release|Any CPU
	EndGlobalSection
EndGlobal
